// !$*UTF8*$!
{
	archiveVersion = 1;
	classes = {
	};
	objectVersion = 46;
	objects = {

/* Begin PBXBuildFile section */
		7504EF1AE2C34D6634FCA987 /* Pods_HackToTheFuture.framework in Frameworks */ = {isa = PBXBuildFile; fileRef = F5EB24AD2AD123F555A1F239 /* Pods_HackToTheFuture.framework */; };
		7C9EF5CD1ECCA46A009BE6EB /* AnnotationView.swift in Sources */ = {isa = PBXBuildFile; fileRef = 7C9EF5C91ECCA46A009BE6EB /* AnnotationView.swift */; };
		7C9EF5CE1ECCA46A009BE6EB /* Place.swift in Sources */ = {isa = PBXBuildFile; fileRef = 7C9EF5CA1ECCA46A009BE6EB /* Place.swift */; };
		7C9EF5CF1ECCA46A009BE6EB /* PlaceAnnotation.swift in Sources */ = {isa = PBXBuildFile; fileRef = 7C9EF5CB1ECCA46A009BE6EB /* PlaceAnnotation.swift */; };
		7C9EF5D01ECCA46A009BE6EB /* PlacesLoader.swift in Sources */ = {isa = PBXBuildFile; fileRef = 7C9EF5CC1ECCA46A009BE6EB /* PlacesLoader.swift */; };
		7C9EF5F71ECCA55B009BE6EB /* ARAnnotation.swift in Sources */ = {isa = PBXBuildFile; fileRef = 7C9EF5EB1ECCA55B009BE6EB /* ARAnnotation.swift */; };
		7C9EF5F81ECCA55B009BE6EB /* ARAnnotationView.swift in Sources */ = {isa = PBXBuildFile; fileRef = 7C9EF5EC1ECCA55B009BE6EB /* ARAnnotationView.swift */; };
		7C9EF5F91ECCA55B009BE6EB /* ARConfiguration.swift in Sources */ = {isa = PBXBuildFile; fileRef = 7C9EF5ED1ECCA55B009BE6EB /* ARConfiguration.swift */; };
		7C9EF5FA1ECCA55B009BE6EB /* ARTrackingManager.swift in Sources */ = {isa = PBXBuildFile; fileRef = 7C9EF5EE1ECCA55B009BE6EB /* ARTrackingManager.swift */; };
		7C9EF5FB1ECCA55B009BE6EB /* ARViewController.swift in Sources */ = {isa = PBXBuildFile; fileRef = 7C9EF5EF1ECCA55B009BE6EB /* ARViewController.swift */; };
		7C9EF5FC1ECCA55B009BE6EB /* DebugMapViewController.swift in Sources */ = {isa = PBXBuildFile; fileRef = 7C9EF5F11ECCA55B009BE6EB /* DebugMapViewController.swift */; };
		7C9EF5FD1ECCA55B009BE6EB /* DebugMapViewController.xib in Resources */ = {isa = PBXBuildFile; fileRef = 7C9EF5F31ECCA55B009BE6EB /* DebugMapViewController.xib */; };
		7C9EF5FE1ECCA55B009BE6EB /* hdar_close.png in Resources */ = {isa = PBXBuildFile; fileRef = 7C9EF5F41ECCA55B009BE6EB /* hdar_close.png */; };
		7C9EF5FF1ECCA55B009BE6EB /* hdar_close@2x.png in Resources */ = {isa = PBXBuildFile; fileRef = 7C9EF5F51ECCA55B009BE6EB /* hdar_close@2x.png */; };
		7C9EF6001ECCA55B009BE6EB /* hdar_close@3x.png in Resources */ = {isa = PBXBuildFile; fileRef = 7C9EF5F61ECCA55B009BE6EB /* hdar_close@3x.png */; };
		F882DA5A1ECC75580045E479 /* AppDelegate.swift in Sources */ = {isa = PBXBuildFile; fileRef = F882DA591ECC75580045E479 /* AppDelegate.swift */; };
		F882DA5C1ECC75580045E479 /* ViewController.swift in Sources */ = {isa = PBXBuildFile; fileRef = F882DA5B1ECC75580045E479 /* ViewController.swift */; };
		F882DA611ECC75580045E479 /* Assets.xcassets in Resources */ = {isa = PBXBuildFile; fileRef = F882DA601ECC75580045E479 /* Assets.xcassets */; };
		F882DA641ECC75580045E479 /* LaunchScreen.storyboard in Resources */ = {isa = PBXBuildFile; fileRef = F882DA621ECC75580045E479 /* LaunchScreen.storyboard */; };
		F882DA6E1ECC810D0045E479 /* MainMenu.storyboard in Resources */ = {isa = PBXBuildFile; fileRef = F882DA6D1ECC810D0045E479 /* MainMenu.storyboard */; };
		F882DA731ECC830A0045E479 /* CustomImageView.swift in Sources */ = {isa = PBXBuildFile; fileRef = F882DA6F1ECC830A0045E479 /* CustomImageView.swift */; };
		F882DA741ECC830A0045E479 /* DownloadImageOperation.swift in Sources */ = {isa = PBXBuildFile; fileRef = F882DA701ECC830A0045E479 /* DownloadImageOperation.swift */; };
		F882DA751ECC830A0045E479 /* DownloadQueue.swift in Sources */ = {isa = PBXBuildFile; fileRef = F882DA711ECC830A0045E479 /* DownloadQueue.swift */; };
		F882DA761ECC830A0045E479 /* Helpers.swift in Sources */ = {isa = PBXBuildFile; fileRef = F882DA721ECC830A0045E479 /* Helpers.swift */; };
		F882DA7A1ECC84280045E479 /* OfferRecord.swift in Sources */ = {isa = PBXBuildFile; fileRef = F882DA791ECC84280045E479 /* OfferRecord.swift */; };
		F882DA7C1ECC84590045E479 /* BeaconRecord.swift in Sources */ = {isa = PBXBuildFile; fileRef = F882DA7B1ECC84590045E479 /* BeaconRecord.swift */; };
		F882DA7F1ECC86B10045E479 /* FileHelpers.swift in Sources */ = {isa = PBXBuildFile; fileRef = F882DA7E1ECC86B10045E479 /* FileHelpers.swift */; };
		F882DA811ECC86E30045E479 /* MapKit.framework in Frameworks */ = {isa = PBXBuildFile; fileRef = F882DA801ECC86E30045E479 /* MapKit.framework */; };
		F882DA831ECC89BD0045E479 /* MainMenuViewController.swift in Sources */ = {isa = PBXBuildFile; fileRef = F882DA821ECC89BD0045E479 /* MainMenuViewController.swift */; };
		F882DA851ECC89CA0045E479 /* BaseViewController.swift in Sources */ = {isa = PBXBuildFile; fileRef = F882DA841ECC89CA0045E479 /* BaseViewController.swift */; };
		F882DA871ECC89E90045E479 /* ARBaseViewController.swift in Sources */ = {isa = PBXBuildFile; fileRef = F882DA861ECC89E90045E479 /* ARBaseViewController.swift */; };
		F882DA891ECC8A0C0045E479 /* MenuSelectorViewController.swift in Sources */ = {isa = PBXBuildFile; fileRef = F882DA881ECC8A0C0045E479 /* MenuSelectorViewController.swift */; };
		F882DA8E1ECCB23C0045E479 /* FilterButtonSelectorViewController.swift in Sources */ = {isa = PBXBuildFile; fileRef = F882DA8D1ECCB23C0045E479 /* FilterButtonSelectorViewController.swift */; };
		F8AE8ABA1ECCC562003D9B24 /* Filters.swift in Sources */ = {isa = PBXBuildFile; fileRef = F882DA8B1ECCAFA20045E479 /* Filters.swift */; };
		F8AE8ABC1ECCC77C003D9B24 /* Content.storyboard in Resources */ = {isa = PBXBuildFile; fileRef = F8AE8ABB1ECCC77C003D9B24 /* Content.storyboard */; };
		F8AE8ABF1ECCC969003D9B24 /* ContentViewController.swift in Sources */ = {isa = PBXBuildFile; fileRef = F8AE8ABE1ECCC969003D9B24 /* ContentViewController.swift */; };
		F8AE8AC11ECCCA0A003D9B24 /* WebViewController.swift in Sources */ = {isa = PBXBuildFile; fileRef = F8AE8AC01ECCCA0A003D9B24 /* WebViewController.swift */; };
		F8AE8AC31ECCCCAD003D9B24 /* ContentListTableViewCell.swift in Sources */ = {isa = PBXBuildFile; fileRef = F8AE8AC21ECCCCAD003D9B24 /* ContentListTableViewCell.swift */; };
		F8AE8AC51ECCD1E4003D9B24 /* ContentListTableViewCell.xib in Resources */ = {isa = PBXBuildFile; fileRef = F8AE8AC41ECCD1E4003D9B24 /* ContentListTableViewCell.xib */; };
		F8AE8AC71ECCD3B7003D9B24 /* libsqlite3.0.tbd in Frameworks */ = {isa = PBXBuildFile; fileRef = F8AE8AC61ECCD3B7003D9B24 /* libsqlite3.0.tbd */; };
		F8AE8ACA1ECCD4D7003D9B24 /* BeaconManager.swift in Sources */ = {isa = PBXBuildFile; fileRef = F8AE8AC91ECCD4D7003D9B24 /* BeaconManager.swift */; };
		F8AE8ACC1ECCD874003D9B24 /* CoreBluetooth.framework in Frameworks */ = {isa = PBXBuildFile; fileRef = F8AE8ACB1ECCD874003D9B24 /* CoreBluetooth.framework */; };
/* End PBXBuildFile section */

/* Begin PBXFileReference section */
		0E2C6C3BD51389BDA2B8FD9C /* Pods-HackToTheFuture.release.xcconfig */ = {isa = PBXFileReference; includeInIndex = 1; lastKnownFileType = text.xcconfig; name = "Pods-HackToTheFuture.release.xcconfig"; path = "Pods/Target Support Files/Pods-HackToTheFuture/Pods-HackToTheFuture.release.xcconfig"; sourceTree = "<group>"; };
		7C9EF5C91ECCA46A009BE6EB /* AnnotationView.swift */ = {isa = PBXFileReference; fileEncoding = 4; lastKnownFileType = sourcecode.swift; path = AnnotationView.swift; sourceTree = "<group>"; };
		7C9EF5CA1ECCA46A009BE6EB /* Place.swift */ = {isa = PBXFileReference; fileEncoding = 4; lastKnownFileType = sourcecode.swift; path = Place.swift; sourceTree = "<group>"; };
		7C9EF5CB1ECCA46A009BE6EB /* PlaceAnnotation.swift */ = {isa = PBXFileReference; fileEncoding = 4; lastKnownFileType = sourcecode.swift; path = PlaceAnnotation.swift; sourceTree = "<group>"; };
		7C9EF5CC1ECCA46A009BE6EB /* PlacesLoader.swift */ = {isa = PBXFileReference; fileEncoding = 4; lastKnownFileType = sourcecode.swift; path = PlacesLoader.swift; sourceTree = "<group>"; };
		7C9EF5EB1ECCA55B009BE6EB /* ARAnnotation.swift */ = {isa = PBXFileReference; fileEncoding = 4; lastKnownFileType = sourcecode.swift; path = ARAnnotation.swift; sourceTree = "<group>"; };
		7C9EF5EC1ECCA55B009BE6EB /* ARAnnotationView.swift */ = {isa = PBXFileReference; fileEncoding = 4; lastKnownFileType = sourcecode.swift; path = ARAnnotationView.swift; sourceTree = "<group>"; };
		7C9EF5ED1ECCA55B009BE6EB /* ARConfiguration.swift */ = {isa = PBXFileReference; fileEncoding = 4; lastKnownFileType = sourcecode.swift; path = ARConfiguration.swift; sourceTree = "<group>"; };
		7C9EF5EE1ECCA55B009BE6EB /* ARTrackingManager.swift */ = {isa = PBXFileReference; fileEncoding = 4; lastKnownFileType = sourcecode.swift; path = ARTrackingManager.swift; sourceTree = "<group>"; };
		7C9EF5EF1ECCA55B009BE6EB /* ARViewController.swift */ = {isa = PBXFileReference; fileEncoding = 4; lastKnownFileType = sourcecode.swift; path = ARViewController.swift; sourceTree = "<group>"; };
		7C9EF5F11ECCA55B009BE6EB /* DebugMapViewController.swift */ = {isa = PBXFileReference; fileEncoding = 4; lastKnownFileType = sourcecode.swift; path = DebugMapViewController.swift; sourceTree = "<group>"; };
		7C9EF5F31ECCA55B009BE6EB /* DebugMapViewController.xib */ = {isa = PBXFileReference; fileEncoding = 4; lastKnownFileType = file.xib; path = DebugMapViewController.xib; sourceTree = "<group>"; };
		7C9EF5F41ECCA55B009BE6EB /* hdar_close.png */ = {isa = PBXFileReference; lastKnownFileType = image.png; path = hdar_close.png; sourceTree = "<group>"; };
		7C9EF5F51ECCA55B009BE6EB /* hdar_close@2x.png */ = {isa = PBXFileReference; lastKnownFileType = image.png; path = "hdar_close@2x.png"; sourceTree = "<group>"; };
		7C9EF5F61ECCA55B009BE6EB /* hdar_close@3x.png */ = {isa = PBXFileReference; lastKnownFileType = image.png; path = "hdar_close@3x.png"; sourceTree = "<group>"; };
		DF7430E16C66ABD6B470D291 /* Pods-HackToTheFuture.debug.xcconfig */ = {isa = PBXFileReference; includeInIndex = 1; lastKnownFileType = text.xcconfig; name = "Pods-HackToTheFuture.debug.xcconfig"; path = "Pods/Target Support Files/Pods-HackToTheFuture/Pods-HackToTheFuture.debug.xcconfig"; sourceTree = "<group>"; };
		F5EB24AD2AD123F555A1F239 /* Pods_HackToTheFuture.framework */ = {isa = PBXFileReference; explicitFileType = wrapper.framework; includeInIndex = 0; path = Pods_HackToTheFuture.framework; sourceTree = BUILT_PRODUCTS_DIR; };
		F882DA561ECC75580045E479 /* HackToTheFuture.app */ = {isa = PBXFileReference; explicitFileType = wrapper.application; includeInIndex = 0; path = HackToTheFuture.app; sourceTree = BUILT_PRODUCTS_DIR; };
		F882DA591ECC75580045E479 /* AppDelegate.swift */ = {isa = PBXFileReference; lastKnownFileType = sourcecode.swift; path = AppDelegate.swift; sourceTree = "<group>"; };
		F882DA5B1ECC75580045E479 /* ViewController.swift */ = {isa = PBXFileReference; lastKnownFileType = sourcecode.swift; path = ViewController.swift; sourceTree = "<group>"; };
		F882DA601ECC75580045E479 /* Assets.xcassets */ = {isa = PBXFileReference; lastKnownFileType = folder.assetcatalog; path = Assets.xcassets; sourceTree = "<group>"; };
		F882DA631ECC75580045E479 /* Base */ = {isa = PBXFileReference; lastKnownFileType = file.storyboard; name = Base; path = Base.lproj/LaunchScreen.storyboard; sourceTree = "<group>"; };
		F882DA651ECC75580045E479 /* Info.plist */ = {isa = PBXFileReference; lastKnownFileType = text.plist.xml; path = Info.plist; sourceTree = "<group>"; };
		F882DA6D1ECC810D0045E479 /* MainMenu.storyboard */ = {isa = PBXFileReference; fileEncoding = 4; lastKnownFileType = file.storyboard; path = MainMenu.storyboard; sourceTree = "<group>"; };
		F882DA6F1ECC830A0045E479 /* CustomImageView.swift */ = {isa = PBXFileReference; fileEncoding = 4; lastKnownFileType = sourcecode.swift; path = CustomImageView.swift; sourceTree = "<group>"; };
		F882DA701ECC830A0045E479 /* DownloadImageOperation.swift */ = {isa = PBXFileReference; fileEncoding = 4; lastKnownFileType = sourcecode.swift; path = DownloadImageOperation.swift; sourceTree = "<group>"; };
		F882DA711ECC830A0045E479 /* DownloadQueue.swift */ = {isa = PBXFileReference; fileEncoding = 4; lastKnownFileType = sourcecode.swift; path = DownloadQueue.swift; sourceTree = "<group>"; };
		F882DA721ECC830A0045E479 /* Helpers.swift */ = {isa = PBXFileReference; fileEncoding = 4; lastKnownFileType = sourcecode.swift; path = Helpers.swift; sourceTree = "<group>"; };
		F882DA791ECC84280045E479 /* OfferRecord.swift */ = {isa = PBXFileReference; fileEncoding = 4; lastKnownFileType = sourcecode.swift; path = OfferRecord.swift; sourceTree = "<group>"; };
		F882DA7B1ECC84590045E479 /* BeaconRecord.swift */ = {isa = PBXFileReference; fileEncoding = 4; lastKnownFileType = sourcecode.swift; path = BeaconRecord.swift; sourceTree = "<group>"; };
		F882DA7E1ECC86B10045E479 /* FileHelpers.swift */ = {isa = PBXFileReference; fileEncoding = 4; lastKnownFileType = sourcecode.swift; path = FileHelpers.swift; sourceTree = "<group>"; };
		F882DA801ECC86E30045E479 /* MapKit.framework */ = {isa = PBXFileReference; lastKnownFileType = wrapper.framework; name = MapKit.framework; path = System/Library/Frameworks/MapKit.framework; sourceTree = SDKROOT; };
		F882DA821ECC89BD0045E479 /* MainMenuViewController.swift */ = {isa = PBXFileReference; fileEncoding = 4; lastKnownFileType = sourcecode.swift; path = MainMenuViewController.swift; sourceTree = "<group>"; };
		F882DA841ECC89CA0045E479 /* BaseViewController.swift */ = {isa = PBXFileReference; fileEncoding = 4; lastKnownFileType = sourcecode.swift; path = BaseViewController.swift; sourceTree = "<group>"; };
		F882DA861ECC89E90045E479 /* ARBaseViewController.swift */ = {isa = PBXFileReference; fileEncoding = 4; lastKnownFileType = sourcecode.swift; path = ARBaseViewController.swift; sourceTree = "<group>"; };
		F882DA881ECC8A0C0045E479 /* MenuSelectorViewController.swift */ = {isa = PBXFileReference; fileEncoding = 4; lastKnownFileType = sourcecode.swift; path = MenuSelectorViewController.swift; sourceTree = "<group>"; };
		F882DA8B1ECCAFA20045E479 /* Filters.swift */ = {isa = PBXFileReference; fileEncoding = 4; lastKnownFileType = sourcecode.swift; path = Filters.swift; sourceTree = "<group>"; };
		F882DA8D1ECCB23C0045E479 /* FilterButtonSelectorViewController.swift */ = {isa = PBXFileReference; fileEncoding = 4; lastKnownFileType = sourcecode.swift; path = FilterButtonSelectorViewController.swift; sourceTree = "<group>"; };
		F8AE8ABB1ECCC77C003D9B24 /* Content.storyboard */ = {isa = PBXFileReference; fileEncoding = 4; lastKnownFileType = file.storyboard; path = Content.storyboard; sourceTree = "<group>"; };
		F8AE8ABE1ECCC969003D9B24 /* ContentViewController.swift */ = {isa = PBXFileReference; fileEncoding = 4; lastKnownFileType = sourcecode.swift; path = ContentViewController.swift; sourceTree = "<group>"; };
		F8AE8AC01ECCCA0A003D9B24 /* WebViewController.swift */ = {isa = PBXFileReference; fileEncoding = 4; lastKnownFileType = sourcecode.swift; path = WebViewController.swift; sourceTree = "<group>"; };
		F8AE8AC21ECCCCAD003D9B24 /* ContentListTableViewCell.swift */ = {isa = PBXFileReference; fileEncoding = 4; lastKnownFileType = sourcecode.swift; path = ContentListTableViewCell.swift; sourceTree = "<group>"; };
		F8AE8AC41ECCD1E4003D9B24 /* ContentListTableViewCell.xib */ = {isa = PBXFileReference; fileEncoding = 4; lastKnownFileType = file.xib; path = ContentListTableViewCell.xib; sourceTree = "<group>"; };
		F8AE8AC61ECCD3B7003D9B24 /* libsqlite3.0.tbd */ = {isa = PBXFileReference; lastKnownFileType = "sourcecode.text-based-dylib-definition"; name = libsqlite3.0.tbd; path = usr/lib/libsqlite3.0.tbd; sourceTree = SDKROOT; };
		F8AE8AC91ECCD4D7003D9B24 /* BeaconManager.swift */ = {isa = PBXFileReference; fileEncoding = 4; lastKnownFileType = sourcecode.swift; path = BeaconManager.swift; sourceTree = "<group>"; };
		F8AE8ACB1ECCD874003D9B24 /* CoreBluetooth.framework */ = {isa = PBXFileReference; lastKnownFileType = wrapper.framework; name = CoreBluetooth.framework; path = System/Library/Frameworks/CoreBluetooth.framework; sourceTree = SDKROOT; };
/* End PBXFileReference section */

/* Begin PBXFrameworksBuildPhase section */
		F882DA531ECC75580045E479 /* Frameworks */ = {
			isa = PBXFrameworksBuildPhase;
			buildActionMask = 2147483647;
			files = (
				F8AE8ACC1ECCD874003D9B24 /* CoreBluetooth.framework in Frameworks */,
				F8AE8AC71ECCD3B7003D9B24 /* libsqlite3.0.tbd in Frameworks */,
				F882DA811ECC86E30045E479 /* MapKit.framework in Frameworks */,
				7504EF1AE2C34D6634FCA987 /* Pods_HackToTheFuture.framework in Frameworks */,
			);
			runOnlyForDeploymentPostprocessing = 0;
		};
/* End PBXFrameworksBuildPhase section */

/* Begin PBXGroup section */
		0D395F67B7A7182CE345EDB0 /* Pods */ = {
			isa = PBXGroup;
			children = (
				DF7430E16C66ABD6B470D291 /* Pods-HackToTheFuture.debug.xcconfig */,
				0E2C6C3BD51389BDA2B8FD9C /* Pods-HackToTheFuture.release.xcconfig */,
			);
			name = Pods;
			sourceTree = "<group>";
		};
		78A63AD0CDF292910EE755B4 /* Frameworks */ = {
			isa = PBXGroup;
			children = (
				F8AE8ACB1ECCD874003D9B24 /* CoreBluetooth.framework */,
				F8AE8AC61ECCD3B7003D9B24 /* libsqlite3.0.tbd */,
				F882DA801ECC86E30045E479 /* MapKit.framework */,
				F5EB24AD2AD123F555A1F239 /* Pods_HackToTheFuture.framework */,
			);
			name = Frameworks;
			sourceTree = "<group>";
		};
		7C9EF5C81ECCA406009BE6EB /* AR */ = {
			isa = PBXGroup;
			children = (
				7C9EF5E91ECCA55B009BE6EB /* HDAugmentedReality */,
				7C9EF5C91ECCA46A009BE6EB /* AnnotationView.swift */,
				7C9EF5CA1ECCA46A009BE6EB /* Place.swift */,
				7C9EF5CB1ECCA46A009BE6EB /* PlaceAnnotation.swift */,
				7C9EF5CC1ECCA46A009BE6EB /* PlacesLoader.swift */,
			);
			name = AR;
			sourceTree = "<group>";
		};
		7C9EF5E91ECCA55B009BE6EB /* HDAugmentedReality */ = {
			isa = PBXGroup;
			children = (
				7C9EF5EA1ECCA55B009BE6EB /* Classes */,
				7C9EF5F21ECCA55B009BE6EB /* Resources */,
			);
			path = HDAugmentedReality;
			sourceTree = "<group>";
		};
		7C9EF5EA1ECCA55B009BE6EB /* Classes */ = {
			isa = PBXGroup;
			children = (
				7C9EF5EB1ECCA55B009BE6EB /* ARAnnotation.swift */,
				7C9EF5EC1ECCA55B009BE6EB /* ARAnnotationView.swift */,
				7C9EF5ED1ECCA55B009BE6EB /* ARConfiguration.swift */,
				7C9EF5EE1ECCA55B009BE6EB /* ARTrackingManager.swift */,
				7C9EF5EF1ECCA55B009BE6EB /* ARViewController.swift */,
				7C9EF5F01ECCA55B009BE6EB /* Debug */,
			);
			path = Classes;
			sourceTree = "<group>";
		};
		7C9EF5F01ECCA55B009BE6EB /* Debug */ = {
			isa = PBXGroup;
			children = (
				7C9EF5F11ECCA55B009BE6EB /* DebugMapViewController.swift */,
			);
			path = Debug;
			sourceTree = "<group>";
		};
		7C9EF5F21ECCA55B009BE6EB /* Resources */ = {
			isa = PBXGroup;
			children = (
				7C9EF5F31ECCA55B009BE6EB /* DebugMapViewController.xib */,
				7C9EF5F41ECCA55B009BE6EB /* hdar_close.png */,
				7C9EF5F51ECCA55B009BE6EB /* hdar_close@2x.png */,
				7C9EF5F61ECCA55B009BE6EB /* hdar_close@3x.png */,
			);
			path = Resources;
			sourceTree = "<group>";
		};
		F882DA4D1ECC75580045E479 = {
			isa = PBXGroup;
			children = (
				F882DA581ECC75580045E479 /* HackToTheFuture */,
				F882DA571ECC75580045E479 /* Products */,
				0D395F67B7A7182CE345EDB0 /* Pods */,
				78A63AD0CDF292910EE755B4 /* Frameworks */,
			);
			sourceTree = "<group>";
		};
		F882DA571ECC75580045E479 /* Products */ = {
			isa = PBXGroup;
			children = (
				F882DA561ECC75580045E479 /* HackToTheFuture.app */,
			);
			name = Products;
			sourceTree = "<group>";
		};
		F882DA581ECC75580045E479 /* HackToTheFuture */ = {
			isa = PBXGroup;
			children = (
				F882DA591ECC75580045E479 /* AppDelegate.swift */,
				F882DA5B1ECC75580045E479 /* ViewController.swift */,
				F882DA6D1ECC810D0045E479 /* MainMenu.storyboard */,
				F882DA841ECC89CA0045E479 /* BaseViewController.swift */,
				F882DA821ECC89BD0045E479 /* MainMenuViewController.swift */,
				7C9EF5C81ECCA406009BE6EB /* AR */,
				F882DA861ECC89E90045E479 /* ARBaseViewController.swift */,
				F882DA881ECC8A0C0045E479 /* MenuSelectorViewController.swift */,
				F882DA8D1ECCB23C0045E479 /* FilterButtonSelectorViewController.swift */,
				F8AE8AC81ECCD495003D9B24 /* Beacons */,
				F8AE8ABD1ECCC95B003D9B24 /* Content */,
				F882DA8A1ECCAF940045E479 /* Constants */,
				F882DA7D1ECC86A70045E479 /* Helpers */,
				F882DA781ECC84170045E479 /* Realm */,
				F882DA771ECC830D0045E479 /* Images */,
				F882DA601ECC75580045E479 /* Assets.xcassets */,
				F882DA621ECC75580045E479 /* LaunchScreen.storyboard */,
				F882DA651ECC75580045E479 /* Info.plist */,
			);
			path = HackToTheFuture;
			sourceTree = "<group>";
		};
		F882DA771ECC830D0045E479 /* Images */ = {
			isa = PBXGroup;
			children = (
				F882DA6F1ECC830A0045E479 /* CustomImageView.swift */,
				F882DA721ECC830A0045E479 /* Helpers.swift */,
				F882DA701ECC830A0045E479 /* DownloadImageOperation.swift */,
				F882DA711ECC830A0045E479 /* DownloadQueue.swift */,
			);
			name = Images;
			sourceTree = "<group>";
		};
		F882DA781ECC84170045E479 /* Realm */ = {
			isa = PBXGroup;
			children = (
				F882DA791ECC84280045E479 /* OfferRecord.swift */,
				F882DA7B1ECC84590045E479 /* BeaconRecord.swift */,
			);
			name = Realm;
			sourceTree = "<group>";
		};
		F882DA7D1ECC86A70045E479 /* Helpers */ = {
			isa = PBXGroup;
			children = (
				F882DA7E1ECC86B10045E479 /* FileHelpers.swift */,
			);
			name = Helpers;
			sourceTree = "<group>";
		};
		F882DA8A1ECCAF940045E479 /* Constants */ = {
			isa = PBXGroup;
			children = (
				F882DA8B1ECCAFA20045E479 /* Filters.swift */,
			);
			name = Constants;
			sourceTree = "<group>";
		};
		F8AE8ABD1ECCC95B003D9B24 /* Content */ = {
			isa = PBXGroup;
			children = (
				F8AE8ABB1ECCC77C003D9B24 /* Content.storyboard */,
				F8AE8ABE1ECCC969003D9B24 /* ContentViewController.swift */,
				F8AE8AC21ECCCCAD003D9B24 /* ContentListTableViewCell.swift */,
				F8AE8AC41ECCD1E4003D9B24 /* ContentListTableViewCell.xib */,
				F8AE8AC01ECCCA0A003D9B24 /* WebViewController.swift */,
			);
			name = Content;
			sourceTree = "<group>";
		};
		F8AE8AC81ECCD495003D9B24 /* Beacons */ = {
			isa = PBXGroup;
			children = (
				F8AE8AC91ECCD4D7003D9B24 /* BeaconManager.swift */,
			);
			name = Beacons;
			sourceTree = "<group>";
		};
/* End PBXGroup section */

/* Begin PBXNativeTarget section */
		F882DA551ECC75580045E479 /* HackToTheFuture */ = {
			isa = PBXNativeTarget;
			buildConfigurationList = F882DA681ECC75580045E479 /* Build configuration list for PBXNativeTarget "HackToTheFuture" */;
			buildPhases = (
				02B67B17F4FEAD2C4A961024 /* [CP] Check Pods Manifest.lock */,
				F882DA521ECC75580045E479 /* Sources */,
				F882DA531ECC75580045E479 /* Frameworks */,
				F882DA541ECC75580045E479 /* Resources */,
				AF9E54DE675CDD8CE7C6EAF5 /* [CP] Embed Pods Frameworks */,
				68862A165A484722A0665067 /* [CP] Copy Pods Resources */,
			);
			buildRules = (
			);
			dependencies = (
			);
			name = HackToTheFuture;
			productName = HackToTheFuture;
			productReference = F882DA561ECC75580045E479 /* HackToTheFuture.app */;
			productType = "com.apple.product-type.application";
		};
/* End PBXNativeTarget section */

/* Begin PBXProject section */
		F882DA4E1ECC75580045E479 /* Project object */ = {
			isa = PBXProject;
			attributes = {
				LastSwiftUpdateCheck = 0830;
				LastUpgradeCheck = 0830;
				ORGANIZATIONNAME = HackToTheFuture;
				TargetAttributes = {
					F882DA551ECC75580045E479 = {
						CreatedOnToolsVersion = 8.3.2;
						DevelopmentTeam = T6L94BYSK4;
						ProvisioningStyle = Automatic;
					};
				};
			};
			buildConfigurationList = F882DA511ECC75580045E479 /* Build configuration list for PBXProject "HackToTheFuture" */;
			compatibilityVersion = "Xcode 3.2";
			developmentRegion = English;
			hasScannedForEncodings = 0;
			knownRegions = (
				en,
				Base,
			);
			mainGroup = F882DA4D1ECC75580045E479;
			productRefGroup = F882DA571ECC75580045E479 /* Products */;
			projectDirPath = "";
			projectRoot = "";
			targets = (
				F882DA551ECC75580045E479 /* HackToTheFuture */,
			);
		};
/* End PBXProject section */

/* Begin PBXResourcesBuildPhase section */
		F882DA541ECC75580045E479 /* Resources */ = {
			isa = PBXResourcesBuildPhase;
			buildActionMask = 2147483647;
			files = (
				F882DA6E1ECC810D0045E479 /* MainMenu.storyboard in Resources */,
				F882DA641ECC75580045E479 /* LaunchScreen.storyboard in Resources */,
				7C9EF5FF1ECCA55B009BE6EB /* hdar_close@2x.png in Resources */,
				F8AE8AC51ECCD1E4003D9B24 /* ContentListTableViewCell.xib in Resources */,
				F882DA611ECC75580045E479 /* Assets.xcassets in Resources */,
				F8AE8ABC1ECCC77C003D9B24 /* Content.storyboard in Resources */,
				7C9EF5FE1ECCA55B009BE6EB /* hdar_close.png in Resources */,
				7C9EF6001ECCA55B009BE6EB /* hdar_close@3x.png in Resources */,
				7C9EF5FD1ECCA55B009BE6EB /* DebugMapViewController.xib in Resources */,
			);
			runOnlyForDeploymentPostprocessing = 0;
		};
/* End PBXResourcesBuildPhase section */

/* Begin PBXShellScriptBuildPhase section */
		02B67B17F4FEAD2C4A961024 /* [CP] Check Pods Manifest.lock */ = {
			isa = PBXShellScriptBuildPhase;
			buildActionMask = 2147483647;
			files = (
			);
			inputPaths = (
			);
			name = "[CP] Check Pods Manifest.lock";
			outputPaths = (
			);
			runOnlyForDeploymentPostprocessing = 0;
			shellPath = /bin/sh;
			shellScript = "diff \"${PODS_PODFILE_DIR_PATH}/Podfile.lock\" \"${PODS_ROOT}/Manifest.lock\" > /dev/null\nif [ $? != 0 ] ; then\n    # print error to STDERR\n    echo \"error: The sandbox is not in sync with the Podfile.lock. Run 'pod install' or update your CocoaPods installation.\" >&2\n    exit 1\nfi\n";
			showEnvVarsInLog = 0;
		};
		68862A165A484722A0665067 /* [CP] Copy Pods Resources */ = {
			isa = PBXShellScriptBuildPhase;
			buildActionMask = 2147483647;
			files = (
			);
			inputPaths = (
			);
			name = "[CP] Copy Pods Resources";
			outputPaths = (
			);
			runOnlyForDeploymentPostprocessing = 0;
			shellPath = /bin/sh;
			shellScript = "\"${SRCROOT}/Pods/Target Support Files/Pods-HackToTheFuture/Pods-HackToTheFuture-resources.sh\"\n";
			showEnvVarsInLog = 0;
		};
		AF9E54DE675CDD8CE7C6EAF5 /* [CP] Embed Pods Frameworks */ = {
			isa = PBXShellScriptBuildPhase;
			buildActionMask = 2147483647;
			files = (
			);
			inputPaths = (
			);
			name = "[CP] Embed Pods Frameworks";
			outputPaths = (
			);
			runOnlyForDeploymentPostprocessing = 0;
			shellPath = /bin/sh;
			shellScript = "\"${SRCROOT}/Pods/Target Support Files/Pods-HackToTheFuture/Pods-HackToTheFuture-frameworks.sh\"\n";
			showEnvVarsInLog = 0;
		};
/* End PBXShellScriptBuildPhase section */

/* Begin PBXSourcesBuildPhase section */
		F882DA521ECC75580045E479 /* Sources */ = {
			isa = PBXSourcesBuildPhase;
			buildActionMask = 2147483647;
			files = (
				7C9EF5FC1ECCA55B009BE6EB /* DebugMapViewController.swift in Sources */,
				F8AE8AC11ECCCA0A003D9B24 /* WebViewController.swift in Sources */,
				7C9EF5CF1ECCA46A009BE6EB /* PlaceAnnotation.swift in Sources */,
				7C9EF5F71ECCA55B009BE6EB /* ARAnnotation.swift in Sources */,
				F882DA7F1ECC86B10045E479 /* FileHelpers.swift in Sources */,
				7C9EF5F91ECCA55B009BE6EB /* ARConfiguration.swift in Sources */,
				F882DA5C1ECC75580045E479 /* ViewController.swift in Sources */,
				F882DA851ECC89CA0045E479 /* BaseViewController.swift in Sources */,
				7C9EF5CD1ECCA46A009BE6EB /* AnnotationView.swift in Sources */,
				F882DA761ECC830A0045E479 /* Helpers.swift in Sources */,
				F882DA7A1ECC84280045E479 /* OfferRecord.swift in Sources */,
				F8AE8AC31ECCCCAD003D9B24 /* ContentListTableViewCell.swift in Sources */,
				7C9EF5D01ECCA46A009BE6EB /* PlacesLoader.swift in Sources */,
				F882DA751ECC830A0045E479 /* DownloadQueue.swift in Sources */,
				F882DA831ECC89BD0045E479 /* MainMenuViewController.swift in Sources */,
				7C9EF5F81ECCA55B009BE6EB /* ARAnnotationView.swift in Sources */,
				F882DA871ECC89E90045E479 /* ARBaseViewController.swift in Sources */,
				7C9EF5CE1ECCA46A009BE6EB /* Place.swift in Sources */,
				F8AE8ABF1ECCC969003D9B24 /* ContentViewController.swift in Sources */,
				F882DA7C1ECC84590045E479 /* BeaconRecord.swift in Sources */,
				F882DA891ECC8A0C0045E479 /* MenuSelectorViewController.swift in Sources */,
				F882DA8E1ECCB23C0045E479 /* FilterButtonSelectorViewController.swift in Sources */,
				F882DA731ECC830A0045E479 /* CustomImageView.swift in Sources */,
				7C9EF5FA1ECCA55B009BE6EB /* ARTrackingManager.swift in Sources */,
				F8AE8ABA1ECCC562003D9B24 /* Filters.swift in Sources */,
				F882DA5A1ECC75580045E479 /* AppDelegate.swift in Sources */,
				F882DA741ECC830A0045E479 /* DownloadImageOperation.swift in Sources */,
				F8AE8ACA1ECCD4D7003D9B24 /* BeaconManager.swift in Sources */,
				7C9EF5FB1ECCA55B009BE6EB /* ARViewController.swift in Sources */,
			);
			runOnlyForDeploymentPostprocessing = 0;
		};
/* End PBXSourcesBuildPhase section */

/* Begin PBXVariantGroup section */
		F882DA621ECC75580045E479 /* LaunchScreen.storyboard */ = {
			isa = PBXVariantGroup;
			children = (
				F882DA631ECC75580045E479 /* Base */,
			);
			name = LaunchScreen.storyboard;
			sourceTree = "<group>";
		};
/* End PBXVariantGroup section */

/* Begin XCBuildConfiguration section */
		F882DA661ECC75580045E479 /* Debug */ = {
			isa = XCBuildConfiguration;
			buildSettings = {
				ALWAYS_SEARCH_USER_PATHS = NO;
				CLANG_ANALYZER_NONNULL = YES;
				CLANG_ANALYZER_NUMBER_OBJECT_CONVERSION = YES_AGGRESSIVE;
				CLANG_CXX_LANGUAGE_STANDARD = "gnu++0x";
				CLANG_CXX_LIBRARY = "libc++";
				CLANG_ENABLE_MODULES = YES;
				CLANG_ENABLE_OBJC_ARC = YES;
				CLANG_WARN_BOOL_CONVERSION = YES;
				CLANG_WARN_CONSTANT_CONVERSION = YES;
				CLANG_WARN_DIRECT_OBJC_ISA_USAGE = YES_ERROR;
				CLANG_WARN_DOCUMENTATION_COMMENTS = YES;
				CLANG_WARN_EMPTY_BODY = YES;
				CLANG_WARN_ENUM_CONVERSION = YES;
				CLANG_WARN_INFINITE_RECURSION = YES;
				CLANG_WARN_INT_CONVERSION = YES;
				CLANG_WARN_OBJC_ROOT_CLASS = YES_ERROR;
				CLANG_WARN_SUSPICIOUS_MOVE = YES;
				CLANG_WARN_UNREACHABLE_CODE = YES;
				CLANG_WARN__DUPLICATE_METHOD_MATCH = YES;
				"CODE_SIGN_IDENTITY[sdk=iphoneos*]" = "iPhone Developer";
				COPY_PHASE_STRIP = NO;
				DEBUG_INFORMATION_FORMAT = dwarf;
				ENABLE_STRICT_OBJC_MSGSEND = YES;
				ENABLE_TESTABILITY = YES;
				GCC_C_LANGUAGE_STANDARD = gnu99;
				GCC_DYNAMIC_NO_PIC = NO;
				GCC_NO_COMMON_BLOCKS = YES;
				GCC_OPTIMIZATION_LEVEL = 0;
				GCC_PREPROCESSOR_DEFINITIONS = (
					"DEBUG=1",
					"$(inherited)",
				);
				GCC_WARN_64_TO_32_BIT_CONVERSION = YES;
				GCC_WARN_ABOUT_RETURN_TYPE = YES_ERROR;
				GCC_WARN_UNDECLARED_SELECTOR = YES;
				GCC_WARN_UNINITIALIZED_AUTOS = YES_AGGRESSIVE;
				GCC_WARN_UNUSED_FUNCTION = YES;
				GCC_WARN_UNUSED_VARIABLE = YES;
				IPHONEOS_DEPLOYMENT_TARGET = 10.3;
				MTL_ENABLE_DEBUG_INFO = YES;
				ONLY_ACTIVE_ARCH = YES;
				SDKROOT = iphoneos;
				SWIFT_ACTIVE_COMPILATION_CONDITIONS = DEBUG;
				SWIFT_OPTIMIZATION_LEVEL = "-Onone";
			};
			name = Debug;
		};
		F882DA671ECC75580045E479 /* Release */ = {
			isa = XCBuildConfiguration;
			buildSettings = {
				ALWAYS_SEARCH_USER_PATHS = NO;
				CLANG_ANALYZER_NONNULL = YES;
				CLANG_ANALYZER_NUMBER_OBJECT_CONVERSION = YES_AGGRESSIVE;
				CLANG_CXX_LANGUAGE_STANDARD = "gnu++0x";
				CLANG_CXX_LIBRARY = "libc++";
				CLANG_ENABLE_MODULES = YES;
				CLANG_ENABLE_OBJC_ARC = YES;
				CLANG_WARN_BOOL_CONVERSION = YES;
				CLANG_WARN_CONSTANT_CONVERSION = YES;
				CLANG_WARN_DIRECT_OBJC_ISA_USAGE = YES_ERROR;
				CLANG_WARN_DOCUMENTATION_COMMENTS = YES;
				CLANG_WARN_EMPTY_BODY = YES;
				CLANG_WARN_ENUM_CONVERSION = YES;
				CLANG_WARN_INFINITE_RECURSION = YES;
				CLANG_WARN_INT_CONVERSION = YES;
				CLANG_WARN_OBJC_ROOT_CLASS = YES_ERROR;
				CLANG_WARN_SUSPICIOUS_MOVE = YES;
				CLANG_WARN_UNREACHABLE_CODE = YES;
				CLANG_WARN__DUPLICATE_METHOD_MATCH = YES;
				"CODE_SIGN_IDENTITY[sdk=iphoneos*]" = "iPhone Developer";
				COPY_PHASE_STRIP = NO;
				DEBUG_INFORMATION_FORMAT = "dwarf-with-dsym";
				ENABLE_NS_ASSERTIONS = NO;
				ENABLE_STRICT_OBJC_MSGSEND = YES;
				GCC_C_LANGUAGE_STANDARD = gnu99;
				GCC_NO_COMMON_BLOCKS = YES;
				GCC_WARN_64_TO_32_BIT_CONVERSION = YES;
				GCC_WARN_ABOUT_RETURN_TYPE = YES_ERROR;
				GCC_WARN_UNDECLARED_SELECTOR = YES;
				GCC_WARN_UNINITIALIZED_AUTOS = YES_AGGRESSIVE;
				GCC_WARN_UNUSED_FUNCTION = YES;
				GCC_WARN_UNUSED_VARIABLE = YES;
				IPHONEOS_DEPLOYMENT_TARGET = 10.3;
				MTL_ENABLE_DEBUG_INFO = NO;
				SDKROOT = iphoneos;
				SWIFT_OPTIMIZATION_LEVEL = "-Owholemodule";
				VALIDATE_PRODUCT = YES;
			};
			name = Release;
		};
		F882DA691ECC75580045E479 /* Debug */ = {
			isa = XCBuildConfiguration;
			baseConfigurationReference = DF7430E16C66ABD6B470D291 /* Pods-HackToTheFuture.debug.xcconfig */;
			buildSettings = {
				ASSETCATALOG_COMPILER_APPICON_NAME = AppIcon;
				DEVELOPMENT_TEAM = T6L94BYSK4;
				INFOPLIST_FILE = HackToTheFuture/Info.plist;
				IPHONEOS_DEPLOYMENT_TARGET = 10.0;
				LD_RUNPATH_SEARCH_PATHS = "$(inherited) @executable_path/Frameworks";
				PRODUCT_BUNDLE_IDENTIFIER = com.HackToTheFuture.HackToTheFuture;
				PRODUCT_NAME = "$(TARGET_NAME)";
				SWIFT_VERSION = 3.0;
			};
			name = Debug;
		};
		F882DA6A1ECC75580045E479 /* Release */ = {
			isa = XCBuildConfiguration;
			baseConfigurationReference = 0E2C6C3BD51389BDA2B8FD9C /* Pods-HackToTheFuture.release.xcconfig */;
			buildSettings = {
				ASSETCATALOG_COMPILER_APPICON_NAME = AppIcon;
				DEVELOPMENT_TEAM = T6L94BYSK4;
				INFOPLIST_FILE = HackToTheFuture/Info.plist;
				IPHONEOS_DEPLOYMENT_TARGET = 10.0;
				LD_RUNPATH_SEARCH_PATHS = "$(inherited) @executable_path/Frameworks";
				PRODUCT_BUNDLE_IDENTIFIER = com.HackToTheFuture.HackToTheFuture;
				PRODUCT_NAME = "$(TARGET_NAME)";
				SWIFT_VERSION = 3.0;
			};
			name = Release;
		};
/* End XCBuildConfiguration section */

/* Begin XCConfigurationList section */
		F882DA511ECC75580045E479 /* Build configuration list for PBXProject "HackToTheFuture" */ = {
			isa = XCConfigurationList;
			buildConfigurations = (
				F882DA661ECC75580045E479 /* Debug */,
				F882DA671ECC75580045E479 /* Release */,
			);
			defaultConfigurationIsVisible = 0;
			defaultConfigurationName = Release;
		};
		F882DA681ECC75580045E479 /* Build configuration list for PBXNativeTarget "HackToTheFuture" */ = {
			isa = XCConfigurationList;
			buildConfigurations = (
				F882DA691ECC75580045E479 /* Debug */,
				F882DA6A1ECC75580045E479 /* Release */,
			);
			defaultConfigurationIsVisible = 0;
			defaultConfigurationName = Release;
		};
/* End XCConfigurationList section */
	};
	rootObject = F882DA4E1ECC75580045E479 /* Project object */;
}
